
Microsoft Visual Studio Solution File, Format Version 12.00
# Visual Studio Version 17
VisualStudioVersion = 17.9.34902.65
MinimumVisualStudioVersion = 10.0.40219.1
Project("{FAE04EC0-301F-11D3-BF4B-00C04F79EFBC}") = "EncryptionUtility", "EncryptionUtility\EncryptionUtility.csproj", "{011F70C3-0839-4BE4-A541-31447E0C8855}"
EndProject
Global
	GlobalSection(SolutionConfigurationPlatforms) = preSolution
		Debug|Any CPU = Debug|Any CPU
		Release|Any CPU = Release|Any CPU
	EndGlobalSection
	GlobalSection(ProjectConfigurationPlatforms) = postSolution
		{011F70C3-0839-4BE4-A541-31447E0C8855}.Debug|Any CPU.ActiveCfg = Debug|Any CPU
		{011F70C3-0839-4BE4-A541-31447E0C8855}.Debug|Any CPU.Build.0 = Debug|Any CPU
		{011F70C3-0839-4BE4-A541-31447E0C8855}.Release|Any CPU.ActiveCfg = Release|Any CPU
		{011F70C3-0839-4BE4-A541-31447E0C8855}.Release|Any CPU.Build.0 = Release|Any CPU
	EndGlobalSection
	GlobalSection(SolutionProperties) = preSolution
		HideSolutionNode = FALSE
	EndGlobalSection
	GlobalSection(ExtensibilityGlobals) = postSolution
		SolutionGuid = {967979D6-B168-4739-B92A-4085F6F226E7}
	EndGlobalSection
EndGlobal
